# THIS IS AN AUTOGENERATED FILE. DO NOT EDIT THIS FILE DIRECTLY.
# yarn lockfile v1


"@react-native-async-storage/async-storage@^1.21.0":
  version "1.21.0"
  resolved "https://registry.yarnpkg.com/@react-native-async-storage/async-storage/-/async-storage-1.21.0.tgz"

"react-native@0.79.0":
  version "0.79.0"
  resolved "https://registry.yarnpkg.com/react-native/-/react-native-0.79.0.tgz"

"react@19.0.0":
  version "19.0.0"
  resolved "https://registry.yarnpkg.com/react/-/react-19.0.0.tgz"